
Microsoft Visual Studio Solution File, Format Version 12.00
# Visual Studio Version 17
VisualStudioVersion = 17.12.35521.163
MinimumVisualStudioVersion = 10.0.40219.1
Project("{FAE04EC0-301F-11D3-BF4B-00C04F79EFBC}") = "Section1SolidPrinciple", "Section1SolidPrinciple\Section1SolidPrinciple.csproj", "{3B540708-B91E-450F-8180-46FF6A6AA341}"
EndProject
Project("{FAE04EC0-301F-11D3-BF4B-00C04F79EFBC}") = "Section2AsynchronousProgramming", "Section2AsynchronousProgramming\Section2AsynchronousProgramming.csproj", "{5EAEBD49-FA20-47B7-A6B6-8D55F22843DC}"
EndProject
Project("{2150E333-8FDC-42A3-9474-1A3956D46DE8}") = "Inveon1stHomework03December2024", "Inveon1stHomework03December2024", "{3C672D2B-6A7C-4EFE-87CF-F8762C2E751F}"
	ProjectSection(SolutionItems) = preProject
		Inveon1stHomework03December2024\Inveon1stHomework03 December2024.pdf = Inveon1stHomework03December2024\Inveon1stHomework03 December2024.pdf
	EndProjectSection
EndProject
Global
	GlobalSection(SolutionConfigurationPlatforms) = preSolution
		Debug|Any CPU = Debug|Any CPU
		Release|Any CPU = Release|Any CPU
	EndGlobalSection
	GlobalSection(ProjectConfigurationPlatforms) = postSolution
		{3B540708-B91E-450F-8180-46FF6A6AA341}.Debug|Any CPU.ActiveCfg = Debug|Any CPU
		{3B540708-B91E-450F-8180-46FF6A6AA341}.Debug|Any CPU.Build.0 = Debug|Any CPU
		{3B540708-B91E-450F-8180-46FF6A6AA341}.Release|Any CPU.ActiveCfg = Release|Any CPU
		{3B540708-B91E-450F-8180-46FF6A6AA341}.Release|Any CPU.Build.0 = Release|Any CPU
		{5EAEBD49-FA20-47B7-A6B6-8D55F22843DC}.Debug|Any CPU.ActiveCfg = Debug|Any CPU
		{5EAEBD49-FA20-47B7-A6B6-8D55F22843DC}.Debug|Any CPU.Build.0 = Debug|Any CPU
		{5EAEBD49-FA20-47B7-A6B6-8D55F22843DC}.Release|Any CPU.ActiveCfg = Release|Any CPU
		{5EAEBD49-FA20-47B7-A6B6-8D55F22843DC}.Release|Any CPU.Build.0 = Release|Any CPU
	EndGlobalSection
	GlobalSection(SolutionProperties) = preSolution
		HideSolutionNode = FALSE
	EndGlobalSection
EndGlobal
