
Microsoft Visual Studio Solution File, Format Version 12.00
# Visual Studio Version 17
VisualStudioVersion = 17.12.35521.163
MinimumVisualStudioVersion = 10.0.40219.1
Project("{FAE04EC0-301F-11D3-BF4B-00C04F79EFBC}") = "Section1SolidPrinciple", "Section1SolidPrinciple\Section1SolidPrinciple.csproj", "{3B540708-B91E-450F-8180-46FF6A6AA341}"
EndProject
Project("{FAE04EC0-301F-11D3-BF4B-00C04F79EFBC}") = "Section2AsynchronousProgramming", "Section2AsynchronousProgramming\Section2AsynchronousProgramming.csproj", "{5EAEBD49-FA20-47B7-A6B6-8D55F22843DC}"
EndProject
Project("{FAE04EC0-301F-11D3-BF4B-00C04F79EFBC}") = "Section3.LibraryManagementSystem", "Section3.LibraryManagementSystem\Section3.LibraryManagementSystem.csproj", "{840BABE9-D910-40EB-9E86-6037DAAB7A09}"
EndProject
Project("{FAE04EC0-301F-11D3-BF4B-00C04F79EFBC}") = "Section3.Pagination", "Section3.Pagination\Section3.Pagination.csproj", "{E72A7781-0694-4816-8D2D-B25F703F23C2}"
EndProject
Project("{FAE04EC0-301F-11D3-BF4B-00C04F79EFBC}") = "Section3.ErrorManagement", "Section3.ErrorManagement\Section3.ErrorManagement.csproj", "{37BA33C4-2E95-4AD5-8DCE-EF6FE90E0DEB}"
EndProject
Project("{FAE04EC0-301F-11D3-BF4B-00C04F79EFBC}") = "Section3.Caching", "Section3.Caching\Section3.Caching.csproj", "{9992B85C-8B8B-4287-8975-E54E3BD8AE84}"
EndProject
Project("{2150E333-8FDC-42A3-9474-1A3956D46DE8}") = "2ndWeek", "2ndWeek", "{6F7B4816-D32F-485D-962E-53FE2A77336D}"
EndProject
Project("{FAE04EC0-301F-11D3-BF4B-00C04F79EFBC}") = "Library.MVC", "2ndWeek\Library.MVC\Library.MVC.csproj", "{735E168E-AD00-48DE-AB2F-75A3EB96ABE3}"
EndProject
Project("{FAE04EC0-301F-11D3-BF4B-00C04F79EFBC}") = "Library.Business", "2ndWeek\Library.Business\Library.Business.csproj", "{09630EB4-6212-4DC5-8AF1-A1BCBD70F78F}"
EndProject
Project("{FAE04EC0-301F-11D3-BF4B-00C04F79EFBC}") = "Library.Entities", "2ndWeek\Library.Entities\Library.Entities.csproj", "{46FE04E5-6C7E-4FC6-BE7E-99CB4E3D4F2A}"
EndProject
Project("{FAE04EC0-301F-11D3-BF4B-00C04F79EFBC}") = "Library.Dtos", "2ndWeek\Library.Dtos\Library.Dtos.csproj", "{788A1700-ABB6-4B04-AA05-CFB018BFFF06}"
EndProject
Project("{FAE04EC0-301F-11D3-BF4B-00C04F79EFBC}") = "Library.DataAccess", "2ndWeek\Library.DataAccess\Library.DataAccess.csproj", "{5E41E1F7-6E31-47ED-B1B1-9760D30DF5E7}"
EndProject
Project("{FAE04EC0-301F-11D3-BF4B-00C04F79EFBC}") = "Library.Core", "2ndWeek\Library.Core\Library.Core.csproj", "{2EED14D8-ACFA-4FB0-88E0-2A2D4CE9651D}"
EndProject
Project("{FAE04EC0-301F-11D3-BF4B-00C04F79EFBC}") = "Library.Entities.Configurations", "2ndWeek\Library.Entities.Configurations\Library.Entities.Configurations.csproj", "{0CB19CBE-40E9-4895-BE49-A3603EF97AC7}"
EndProject
Project("{FAE04EC0-301F-11D3-BF4B-00C04F79EFBC}") = "Library.DataAccess.Abstract", "2ndWeek\Library.DataAccess.Abstract\Library.DataAccess.Abstract.csproj", "{EA23BE2B-C85D-48A4-B2A1-55CCBD2A416C}"
EndProject
Project("{FAE04EC0-301F-11D3-BF4B-00C04F79EFBC}") = "Library.DataAccess.Concrete", "2ndWeek\Library.DataAccess.Concrete\Library.DataAccess.Concrete.csproj", "{7F2B5264-98F9-44E8-B4FF-0A7C55B38353}"
EndProject
Project("{FAE04EC0-301F-11D3-BF4B-00C04F79EFBC}") = "Library.Cache", "2ndWeek\Library.Cache\Library.Cache.csproj", "{AEBF3BAE-63E5-4E93-BEA4-48E2BB4948FF}"
EndProject
Global
	GlobalSection(SolutionConfigurationPlatforms) = preSolution
		Debug|Any CPU = Debug|Any CPU
		Release|Any CPU = Release|Any CPU
	EndGlobalSection
	GlobalSection(ProjectConfigurationPlatforms) = postSolution
		{3B540708-B91E-450F-8180-46FF6A6AA341}.Debug|Any CPU.ActiveCfg = Debug|Any CPU
		{3B540708-B91E-450F-8180-46FF6A6AA341}.Debug|Any CPU.Build.0 = Debug|Any CPU
		{3B540708-B91E-450F-8180-46FF6A6AA341}.Release|Any CPU.ActiveCfg = Release|Any CPU
		{3B540708-B91E-450F-8180-46FF6A6AA341}.Release|Any CPU.Build.0 = Release|Any CPU
		{5EAEBD49-FA20-47B7-A6B6-8D55F22843DC}.Debug|Any CPU.ActiveCfg = Debug|Any CPU
		{5EAEBD49-FA20-47B7-A6B6-8D55F22843DC}.Debug|Any CPU.Build.0 = Debug|Any CPU
		{5EAEBD49-FA20-47B7-A6B6-8D55F22843DC}.Release|Any CPU.ActiveCfg = Release|Any CPU
		{5EAEBD49-FA20-47B7-A6B6-8D55F22843DC}.Release|Any CPU.Build.0 = Release|Any CPU
		{840BABE9-D910-40EB-9E86-6037DAAB7A09}.Debug|Any CPU.ActiveCfg = Debug|Any CPU
		{840BABE9-D910-40EB-9E86-6037DAAB7A09}.Debug|Any CPU.Build.0 = Debug|Any CPU
		{840BABE9-D910-40EB-9E86-6037DAAB7A09}.Release|Any CPU.ActiveCfg = Release|Any CPU
		{840BABE9-D910-40EB-9E86-6037DAAB7A09}.Release|Any CPU.Build.0 = Release|Any CPU
		{E72A7781-0694-4816-8D2D-B25F703F23C2}.Debug|Any CPU.ActiveCfg = Debug|Any CPU
		{E72A7781-0694-4816-8D2D-B25F703F23C2}.Debug|Any CPU.Build.0 = Debug|Any CPU
		{E72A7781-0694-4816-8D2D-B25F703F23C2}.Release|Any CPU.ActiveCfg = Release|Any CPU
		{E72A7781-0694-4816-8D2D-B25F703F23C2}.Release|Any CPU.Build.0 = Release|Any CPU
		{37BA33C4-2E95-4AD5-8DCE-EF6FE90E0DEB}.Debug|Any CPU.ActiveCfg = Debug|Any CPU
		{37BA33C4-2E95-4AD5-8DCE-EF6FE90E0DEB}.Debug|Any CPU.Build.0 = Debug|Any CPU
		{37BA33C4-2E95-4AD5-8DCE-EF6FE90E0DEB}.Release|Any CPU.ActiveCfg = Release|Any CPU
		{37BA33C4-2E95-4AD5-8DCE-EF6FE90E0DEB}.Release|Any CPU.Build.0 = Release|Any CPU
		{9992B85C-8B8B-4287-8975-E54E3BD8AE84}.Debug|Any CPU.ActiveCfg = Debug|Any CPU
		{9992B85C-8B8B-4287-8975-E54E3BD8AE84}.Debug|Any CPU.Build.0 = Debug|Any CPU
		{9992B85C-8B8B-4287-8975-E54E3BD8AE84}.Release|Any CPU.ActiveCfg = Release|Any CPU
		{9992B85C-8B8B-4287-8975-E54E3BD8AE84}.Release|Any CPU.Build.0 = Release|Any CPU
		{735E168E-AD00-48DE-AB2F-75A3EB96ABE3}.Debug|Any CPU.ActiveCfg = Debug|Any CPU
		{735E168E-AD00-48DE-AB2F-75A3EB96ABE3}.Debug|Any CPU.Build.0 = Debug|Any CPU
		{735E168E-AD00-48DE-AB2F-75A3EB96ABE3}.Release|Any CPU.ActiveCfg = Release|Any CPU
		{735E168E-AD00-48DE-AB2F-75A3EB96ABE3}.Release|Any CPU.Build.0 = Release|Any CPU
		{09630EB4-6212-4DC5-8AF1-A1BCBD70F78F}.Debug|Any CPU.ActiveCfg = Debug|Any CPU
		{09630EB4-6212-4DC5-8AF1-A1BCBD70F78F}.Debug|Any CPU.Build.0 = Debug|Any CPU
		{09630EB4-6212-4DC5-8AF1-A1BCBD70F78F}.Release|Any CPU.ActiveCfg = Release|Any CPU
		{09630EB4-6212-4DC5-8AF1-A1BCBD70F78F}.Release|Any CPU.Build.0 = Release|Any CPU
		{46FE04E5-6C7E-4FC6-BE7E-99CB4E3D4F2A}.Debug|Any CPU.ActiveCfg = Debug|Any CPU
		{46FE04E5-6C7E-4FC6-BE7E-99CB4E3D4F2A}.Debug|Any CPU.Build.0 = Debug|Any CPU
		{46FE04E5-6C7E-4FC6-BE7E-99CB4E3D4F2A}.Release|Any CPU.ActiveCfg = Release|Any CPU
		{46FE04E5-6C7E-4FC6-BE7E-99CB4E3D4F2A}.Release|Any CPU.Build.0 = Release|Any CPU
		{788A1700-ABB6-4B04-AA05-CFB018BFFF06}.Debug|Any CPU.ActiveCfg = Debug|Any CPU
		{788A1700-ABB6-4B04-AA05-CFB018BFFF06}.Debug|Any CPU.Build.0 = Debug|Any CPU
		{788A1700-ABB6-4B04-AA05-CFB018BFFF06}.Release|Any CPU.ActiveCfg = Release|Any CPU
		{788A1700-ABB6-4B04-AA05-CFB018BFFF06}.Release|Any CPU.Build.0 = Release|Any CPU
		{5E41E1F7-6E31-47ED-B1B1-9760D30DF5E7}.Debug|Any CPU.ActiveCfg = Debug|Any CPU
		{5E41E1F7-6E31-47ED-B1B1-9760D30DF5E7}.Debug|Any CPU.Build.0 = Debug|Any CPU
		{5E41E1F7-6E31-47ED-B1B1-9760D30DF5E7}.Release|Any CPU.ActiveCfg = Release|Any CPU
		{5E41E1F7-6E31-47ED-B1B1-9760D30DF5E7}.Release|Any CPU.Build.0 = Release|Any CPU
		{2EED14D8-ACFA-4FB0-88E0-2A2D4CE9651D}.Debug|Any CPU.ActiveCfg = Debug|Any CPU
		{2EED14D8-ACFA-4FB0-88E0-2A2D4CE9651D}.Debug|Any CPU.Build.0 = Debug|Any CPU
		{2EED14D8-ACFA-4FB0-88E0-2A2D4CE9651D}.Release|Any CPU.ActiveCfg = Release|Any CPU
		{2EED14D8-ACFA-4FB0-88E0-2A2D4CE9651D}.Release|Any CPU.Build.0 = Release|Any CPU
		{0CB19CBE-40E9-4895-BE49-A3603EF97AC7}.Debug|Any CPU.ActiveCfg = Debug|Any CPU
		{0CB19CBE-40E9-4895-BE49-A3603EF97AC7}.Debug|Any CPU.Build.0 = Debug|Any CPU
		{0CB19CBE-40E9-4895-BE49-A3603EF97AC7}.Release|Any CPU.ActiveCfg = Release|Any CPU
		{0CB19CBE-40E9-4895-BE49-A3603EF97AC7}.Release|Any CPU.Build.0 = Release|Any CPU
		{EA23BE2B-C85D-48A4-B2A1-55CCBD2A416C}.Debug|Any CPU.ActiveCfg = Debug|Any CPU
		{EA23BE2B-C85D-48A4-B2A1-55CCBD2A416C}.Debug|Any CPU.Build.0 = Debug|Any CPU
		{EA23BE2B-C85D-48A4-B2A1-55CCBD2A416C}.Release|Any CPU.ActiveCfg = Release|Any CPU
		{EA23BE2B-C85D-48A4-B2A1-55CCBD2A416C}.Release|Any CPU.Build.0 = Release|Any CPU
		{7F2B5264-98F9-44E8-B4FF-0A7C55B38353}.Debug|Any CPU.ActiveCfg = Debug|Any CPU
		{7F2B5264-98F9-44E8-B4FF-0A7C55B38353}.Debug|Any CPU.Build.0 = Debug|Any CPU
		{7F2B5264-98F9-44E8-B4FF-0A7C55B38353}.Release|Any CPU.ActiveCfg = Release|Any CPU
		{7F2B5264-98F9-44E8-B4FF-0A7C55B38353}.Release|Any CPU.Build.0 = Release|Any CPU
		{AEBF3BAE-63E5-4E93-BEA4-48E2BB4948FF}.Debug|Any CPU.ActiveCfg = Debug|Any CPU
		{AEBF3BAE-63E5-4E93-BEA4-48E2BB4948FF}.Debug|Any CPU.Build.0 = Debug|Any CPU
		{AEBF3BAE-63E5-4E93-BEA4-48E2BB4948FF}.Release|Any CPU.ActiveCfg = Release|Any CPU
		{AEBF3BAE-63E5-4E93-BEA4-48E2BB4948FF}.Release|Any CPU.Build.0 = Release|Any CPU
	EndGlobalSection
	GlobalSection(SolutionProperties) = preSolution
		HideSolutionNode = FALSE
	EndGlobalSection
	GlobalSection(NestedProjects) = preSolution
		{735E168E-AD00-48DE-AB2F-75A3EB96ABE3} = {6F7B4816-D32F-485D-962E-53FE2A77336D}
		{09630EB4-6212-4DC5-8AF1-A1BCBD70F78F} = {6F7B4816-D32F-485D-962E-53FE2A77336D}
		{46FE04E5-6C7E-4FC6-BE7E-99CB4E3D4F2A} = {6F7B4816-D32F-485D-962E-53FE2A77336D}
		{788A1700-ABB6-4B04-AA05-CFB018BFFF06} = {6F7B4816-D32F-485D-962E-53FE2A77336D}
		{5E41E1F7-6E31-47ED-B1B1-9760D30DF5E7} = {6F7B4816-D32F-485D-962E-53FE2A77336D}
		{2EED14D8-ACFA-4FB0-88E0-2A2D4CE9651D} = {6F7B4816-D32F-485D-962E-53FE2A77336D}
		{0CB19CBE-40E9-4895-BE49-A3603EF97AC7} = {6F7B4816-D32F-485D-962E-53FE2A77336D}
		{EA23BE2B-C85D-48A4-B2A1-55CCBD2A416C} = {6F7B4816-D32F-485D-962E-53FE2A77336D}
		{7F2B5264-98F9-44E8-B4FF-0A7C55B38353} = {6F7B4816-D32F-485D-962E-53FE2A77336D}
		{AEBF3BAE-63E5-4E93-BEA4-48E2BB4948FF} = {6F7B4816-D32F-485D-962E-53FE2A77336D}
	EndGlobalSection
EndGlobal
