
Microsoft Visual Studio Solution File, Format Version 12.00
# Visual Studio Version 17
VisualStudioVersion = 17.12.35521.163
MinimumVisualStudioVersion = 10.0.40219.1
Project("{FAE04EC0-301F-11D3-BF4B-00C04F79EFBC}") = "Section1SolidPrinciple", "Section1SolidPrinciple\Section1SolidPrinciple.csproj", "{3B540708-B91E-450F-8180-46FF6A6AA341}"
EndProject
Project("{FAE04EC0-301F-11D3-BF4B-00C04F79EFBC}") = "Section2AsynchronousProgramming", "Section2AsynchronousProgramming\Section2AsynchronousProgramming.csproj", "{5EAEBD49-FA20-47B7-A6B6-8D55F22843DC}"
EndProject
Project("{FAE04EC0-301F-11D3-BF4B-00C04F79EFBC}") = "Section3.LibraryManagementSystem", "Section3.LibraryManagementSystem\Section3.LibraryManagementSystem.csproj", "{840BABE9-D910-40EB-9E86-6037DAAB7A09}"
EndProject
Project("{FAE04EC0-301F-11D3-BF4B-00C04F79EFBC}") = "Section3.Pagination", "Section3.Pagination\Section3.Pagination.csproj", "{E72A7781-0694-4816-8D2D-B25F703F23C2}"
EndProject
Project("{FAE04EC0-301F-11D3-BF4B-00C04F79EFBC}") = "Section3.ErrorManagement", "Section3.ErrorManagement\Section3.ErrorManagement.csproj", "{37BA33C4-2E95-4AD5-8DCE-EF6FE90E0DEB}"
EndProject
Project("{FAE04EC0-301F-11D3-BF4B-00C04F79EFBC}") = "Section3.Caching", "Section3.Caching\Section3.Caching.csproj", "{9992B85C-8B8B-4287-8975-E54E3BD8AE84}"
EndProject
Project("{2150E333-8FDC-42A3-9474-1A3956D46DE8}") = "2ndWeekHomework", "2ndWeekHomework", "{2BA1D3C6-D7C3-4A27-8973-0B5EA30FDFA5}"
EndProject
Project("{FAE04EC0-301F-11D3-BF4B-00C04F79EFBC}") = "LibraryManagementSystem.UI", "2ndWeekHomework\LibraryManagementSystem.UI\LibraryManagementSystem.UI.csproj", "{9A8461F9-D15C-4F72-AD54-8C01080BCF9E}"
EndProject
Global
	GlobalSection(SolutionConfigurationPlatforms) = preSolution
		Debug|Any CPU = Debug|Any CPU
		Release|Any CPU = Release|Any CPU
	EndGlobalSection
	GlobalSection(ProjectConfigurationPlatforms) = postSolution
		{3B540708-B91E-450F-8180-46FF6A6AA341}.Debug|Any CPU.ActiveCfg = Debug|Any CPU
		{3B540708-B91E-450F-8180-46FF6A6AA341}.Debug|Any CPU.Build.0 = Debug|Any CPU
		{3B540708-B91E-450F-8180-46FF6A6AA341}.Release|Any CPU.ActiveCfg = Release|Any CPU
		{3B540708-B91E-450F-8180-46FF6A6AA341}.Release|Any CPU.Build.0 = Release|Any CPU
		{5EAEBD49-FA20-47B7-A6B6-8D55F22843DC}.Debug|Any CPU.ActiveCfg = Debug|Any CPU
		{5EAEBD49-FA20-47B7-A6B6-8D55F22843DC}.Debug|Any CPU.Build.0 = Debug|Any CPU
		{5EAEBD49-FA20-47B7-A6B6-8D55F22843DC}.Release|Any CPU.ActiveCfg = Release|Any CPU
		{5EAEBD49-FA20-47B7-A6B6-8D55F22843DC}.Release|Any CPU.Build.0 = Release|Any CPU
		{840BABE9-D910-40EB-9E86-6037DAAB7A09}.Debug|Any CPU.ActiveCfg = Debug|Any CPU
		{840BABE9-D910-40EB-9E86-6037DAAB7A09}.Debug|Any CPU.Build.0 = Debug|Any CPU
		{840BABE9-D910-40EB-9E86-6037DAAB7A09}.Release|Any CPU.ActiveCfg = Release|Any CPU
		{840BABE9-D910-40EB-9E86-6037DAAB7A09}.Release|Any CPU.Build.0 = Release|Any CPU
		{E72A7781-0694-4816-8D2D-B25F703F23C2}.Debug|Any CPU.ActiveCfg = Debug|Any CPU
		{E72A7781-0694-4816-8D2D-B25F703F23C2}.Debug|Any CPU.Build.0 = Debug|Any CPU
		{E72A7781-0694-4816-8D2D-B25F703F23C2}.Release|Any CPU.ActiveCfg = Release|Any CPU
		{E72A7781-0694-4816-8D2D-B25F703F23C2}.Release|Any CPU.Build.0 = Release|Any CPU
		{37BA33C4-2E95-4AD5-8DCE-EF6FE90E0DEB}.Debug|Any CPU.ActiveCfg = Debug|Any CPU
		{37BA33C4-2E95-4AD5-8DCE-EF6FE90E0DEB}.Debug|Any CPU.Build.0 = Debug|Any CPU
		{37BA33C4-2E95-4AD5-8DCE-EF6FE90E0DEB}.Release|Any CPU.ActiveCfg = Release|Any CPU
		{37BA33C4-2E95-4AD5-8DCE-EF6FE90E0DEB}.Release|Any CPU.Build.0 = Release|Any CPU
		{9992B85C-8B8B-4287-8975-E54E3BD8AE84}.Debug|Any CPU.ActiveCfg = Debug|Any CPU
		{9992B85C-8B8B-4287-8975-E54E3BD8AE84}.Debug|Any CPU.Build.0 = Debug|Any CPU
		{9992B85C-8B8B-4287-8975-E54E3BD8AE84}.Release|Any CPU.ActiveCfg = Release|Any CPU
		{9992B85C-8B8B-4287-8975-E54E3BD8AE84}.Release|Any CPU.Build.0 = Release|Any CPU
		{9A8461F9-D15C-4F72-AD54-8C01080BCF9E}.Debug|Any CPU.ActiveCfg = Debug|Any CPU
		{9A8461F9-D15C-4F72-AD54-8C01080BCF9E}.Debug|Any CPU.Build.0 = Debug|Any CPU
		{9A8461F9-D15C-4F72-AD54-8C01080BCF9E}.Release|Any CPU.ActiveCfg = Release|Any CPU
		{9A8461F9-D15C-4F72-AD54-8C01080BCF9E}.Release|Any CPU.Build.0 = Release|Any CPU
	EndGlobalSection
	GlobalSection(SolutionProperties) = preSolution
		HideSolutionNode = FALSE
	EndGlobalSection
	GlobalSection(NestedProjects) = preSolution
		{9A8461F9-D15C-4F72-AD54-8C01080BCF9E} = {2BA1D3C6-D7C3-4A27-8973-0B5EA30FDFA5}
	EndGlobalSection
EndGlobal
